
Microsoft Visual Studio Solution File, Format Version 12.00
# Visual Studio 15
VisualStudioVersion = 15.0.26430.13
MinimumVisualStudioVersion = 10.0.40219.1
Project("{FAE04EC0-301F-11D3-BF4B-00C04F79EFBC}") = "AmazonMusicAPI", "AmazonMusicAPI\AmazonMusicAPI.csproj", "{C2F1CBFA-7865-4612-BE38-AB598DE4D55E}"
EndProject
Project("{FAE04EC0-301F-11D3-BF4B-00C04F79EFBC}") = "GetSongAlbumArt", "GetSongAlbumArt\GetSongAlbumArt.csproj", "{B674D3A4-D3D1-4EFA-AA83-9D25F9D2A42C}"
EndProject
Global
	GlobalSection(SolutionConfigurationPlatforms) = preSolution
		Debug|Any CPU = Debug|Any CPU
		Release|Any CPU = Release|Any CPU
	EndGlobalSection
	GlobalSection(ProjectConfigurationPlatforms) = postSolution
		{C2F1CBFA-7865-4612-BE38-AB598DE4D55E}.Debug|Any CPU.ActiveCfg = Debug|Any CPU
		{C2F1CBFA-7865-4612-BE38-AB598DE4D55E}.Debug|Any CPU.Build.0 = Debug|Any CPU
		{C2F1CBFA-7865-4612-BE38-AB598DE4D55E}.Release|Any CPU.ActiveCfg = Release|Any CPU
		{C2F1CBFA-7865-4612-BE38-AB598DE4D55E}.Release|Any CPU.Build.0 = Release|Any CPU
		{B674D3A4-D3D1-4EFA-AA83-9D25F9D2A42C}.Debug|Any CPU.ActiveCfg = Debug|Any CPU
		{B674D3A4-D3D1-4EFA-AA83-9D25F9D2A42C}.Debug|Any CPU.Build.0 = Debug|Any CPU
		{B674D3A4-D3D1-4EFA-AA83-9D25F9D2A42C}.Release|Any CPU.ActiveCfg = Release|Any CPU
		{B674D3A4-D3D1-4EFA-AA83-9D25F9D2A42C}.Release|Any CPU.Build.0 = Release|Any CPU
	EndGlobalSection
	GlobalSection(SolutionProperties) = preSolution
		HideSolutionNode = FALSE
	EndGlobalSection
EndGlobal
